schema: '2.0'
stages:
  audio_ingestion:
    cmd: python -m scripts.run_audio_ingestion
    deps:
    - path: scripts/run_audio_ingestion.py
      hash: md5
      md5: 3398d99cdeb2af6e247c1f99c480c381
      size: 1053
    - path: src/components/audio_ingestion.py
      hash: md5
      md5: dbef5e3e71b9da32e59189664e342eb5
      size: 8951
    - path: src/constants/__init__.py
      hash: md5
      md5: 5086ea17aa9ee88f2338d083267c485d
      size: 1557
    - path: src/entity/artifact_entity.py
      hash: md5
      md5: 1f7d7ce50af196017af20191893010f2
      size: 613
    - path: src/entity/config_entity.py
      hash: md5
      md5: 0003b389109394792dac6c5ac1aa49fd
      size: 2863
    outs:
    - path: artifact/audio_ingestion
      hash: md5
      md5: d8bfcc8aa1cb90b8137223f42b698ef0.dir
      size: 29718690
      nfiles: 15
  audio_transcription:
    cmd: python -m scripts.run_audio_transcription
    deps:
    - path: artifact/audio_ingestion
      hash: md5
      md5: d8bfcc8aa1cb90b8137223f42b698ef0.dir
      size: 29718690
      nfiles: 15
    - path: scripts/run_audio_transcription.py
      hash: md5
      md5: 1eeb2ddb2e5b6665947fb1fc4c187db7
      size: 1135
    - path: src/components/audio_transcription.py
      hash: md5
      md5: 2e2f59c55baf08b31eb08b724d5f1b6c
      size: 9472
    - path: src/entity/artifact_entity.py
      hash: md5
      md5: 1f7d7ce50af196017af20191893010f2
      size: 613
    - path: src/entity/config_entity.py
      hash: md5
      md5: 0003b389109394792dac6c5ac1aa49fd
      size: 2863
    - path: src/utils/main_utils.py
      hash: md5
      md5: 3312b1daa870e5473ff0021657218c6a
      size: 2381
    outs:
    - path: artifact/audio_transcription
      hash: md5
      md5: 15c790308bfef332d09ef85814b3ebed.dir
      size: 50308
      nfiles: 1
  text_processing:
    cmd: python -m scripts.run_text_processing
    deps:
    - path: artifact/audio_transcription
      hash: md5
      md5: 15c790308bfef332d09ef85814b3ebed.dir
      size: 50308
      nfiles: 1
    - path: scripts/run_text_processing.py
      hash: md5
      md5: 9daf8b60225f8124c12f523a852563b5
      size: 1237
    - path: src/components/text_processing.py
      hash: md5
      md5: 9528338cf4592d0ca64a91ad4aeda0db
      size: 8370
    - path: src/entity/artifact_entity.py
      hash: md5
      md5: 1f7d7ce50af196017af20191893010f2
      size: 613
    - path: src/entity/config_entity.py
      hash: md5
      md5: 0003b389109394792dac6c5ac1aa49fd
      size: 2863
    - path: src/utils/main_utils.py
      hash: md5
      md5: 3312b1daa870e5473ff0021657218c6a
      size: 2381
    outs:
    - path: artifact/text_processing
      hash: md5
      md5: 17599de93785dae270f5f4872713df76.dir
      size: 13056
      nfiles: 4
  timestamp:
    cmd: python -m scripts.run_timestamps
    deps:
    - path: artifact/audio_transcription
      hash: md5
      md5: 15c790308bfef332d09ef85814b3ebed.dir
      size: 50308
      nfiles: 1
    - path: scripts/run_timestamps.py
      hash: md5
      md5: f5a78655a52b9b364aebcdaca26163d4
      size: 1150
    - path: src/components/timestamps.py
      hash: md5
      md5: c35ac15d1e8f45e0a7f2a03ec4c31921
      size: 14949
    - path: src/constants/__init__.py
      hash: md5
      md5: 5086ea17aa9ee88f2338d083267c485d
      size: 1557
    - path: src/entity/artifact_entity.py
      hash: md5
      md5: 1f7d7ce50af196017af20191893010f2
      size: 613
    - path: src/entity/config_entity.py
      hash: md5
      md5: 0003b389109394792dac6c5ac1aa49fd
      size: 2863
    - path: src/prompts.py
      hash: md5
      md5: 823dd98d31480ada9bf5e3b859e9828c
      size: 4463
    outs:
    - path: artifact/timestamp
      hash: md5
      md5: 704d6d907cc7c6df3ab2f41e4328cd90.dir
      size: 1753
      nfiles: 1
  summary:
    cmd: python -m scripts.run_summary
    deps:
    - path: artifact/audio_transcription
      hash: md5
      md5: 15c790308bfef332d09ef85814b3ebed.dir
      size: 50308
      nfiles: 1
    - path: scripts/run_summary.py
      hash: md5
      md5: 66d9f3c465cd1cc48331735f867e5dea
      size: 1132
    - path: src/components/summary.py
      hash: md5
      md5: 94b448e831be7f992b785fd6fd520350
      size: 11061
    - path: src/constants/__init__.py
      hash: md5
      md5: 5086ea17aa9ee88f2338d083267c485d
      size: 1557
    - path: src/entity/artifact_entity.py
      hash: md5
      md5: 1f7d7ce50af196017af20191893010f2
      size: 613
    - path: src/entity/config_entity.py
      hash: md5
      md5: 0003b389109394792dac6c5ac1aa49fd
      size: 2863
    - path: src/prompts.py
      hash: md5
      md5: 823dd98d31480ada9bf5e3b859e9828c
      size: 4463
    outs:
    - path: artifact/summary
      hash: md5
      md5: 2cd99083f433d6e699e150c74e0fb627.dir
      size: 2463
      nfiles: 1
  embedding:
    cmd: python -m scripts.run_embedding
    deps:
    - path: artifact/text_processing
      hash: md5
      md5: 17599de93785dae270f5f4872713df76.dir
      size: 13056
      nfiles: 4
    - path: scripts/run_embedding.py
      hash: md5
      md5: 0d7471d74f54d9e607ca461237b95e52
      size: 1174
    - path: src/components/embedding_indexer.py
      hash: md5
      md5: 37c7551edbba7e1bb5a62ceeb8d4edbf
      size: 5089
    - path: src/constants/__init__.py
      hash: md5
      md5: 5086ea17aa9ee88f2338d083267c485d
      size: 1557
    - path: src/entity/artifact_entity.py
      hash: md5
      md5: 1f7d7ce50af196017af20191893010f2
      size: 613
    - path: src/entity/config_entity.py
      hash: md5
      md5: 0003b389109394792dac6c5ac1aa49fd
      size: 2863
    outs:
    - path: artifact/embedding
      hash: md5
      md5: 6b37499c92890016ea38bf8802911a82.dir
      size: 19540
      nfiles: 2
